
Microsoft Visual Studio Solution File, Format Version 12.00
# Visual Studio 14
VisualStudioVersion = 14.0.25420.1
MinimumVisualStudioVersion = 10.0.40219.1
Project("{FAE04EC0-301F-11D3-BF4B-00C04F79EFBC}") = "压力读取", "压力读取\压力读取.csproj", "{75566CC4-3EA2-4EC7-8EFF-A239B9CC3854}"
EndProject
Project("{FAE04EC0-301F-11D3-BF4B-00C04F79EFBC}") = "BingLibrary", "压力读取\BingLibrary\BingLibrary.csproj", "{4AF25010-F781-4A08-886F-7B40FE1C772F}"
EndProject
Global
	GlobalSection(SolutionConfigurationPlatforms) = preSolution
		Debug|Any CPU = Debug|Any CPU
		Debug|x86 = Debug|x86
		Release|Any CPU = Release|Any CPU
		Release|x86 = Release|x86
	EndGlobalSection
	GlobalSection(ProjectConfigurationPlatforms) = postSolution
		{75566CC4-3EA2-4EC7-8EFF-A239B9CC3854}.Debug|Any CPU.ActiveCfg = Debug|Any CPU
		{75566CC4-3EA2-4EC7-8EFF-A239B9CC3854}.Debug|Any CPU.Build.0 = Debug|Any CPU
		{75566CC4-3EA2-4EC7-8EFF-A239B9CC3854}.Debug|x86.ActiveCfg = Debug|Any CPU
		{75566CC4-3EA2-4EC7-8EFF-A239B9CC3854}.Debug|x86.Build.0 = Debug|Any CPU
		{75566CC4-3EA2-4EC7-8EFF-A239B9CC3854}.Release|Any CPU.ActiveCfg = Release|Any CPU
		{75566CC4-3EA2-4EC7-8EFF-A239B9CC3854}.Release|Any CPU.Build.0 = Release|Any CPU
		{75566CC4-3EA2-4EC7-8EFF-A239B9CC3854}.Release|x86.ActiveCfg = Release|Any CPU
		{75566CC4-3EA2-4EC7-8EFF-A239B9CC3854}.Release|x86.Build.0 = Release|Any CPU
		{4AF25010-F781-4A08-886F-7B40FE1C772F}.Debug|Any CPU.ActiveCfg = Debug|Any CPU
		{4AF25010-F781-4A08-886F-7B40FE1C772F}.Debug|Any CPU.Build.0 = Debug|Any CPU
		{4AF25010-F781-4A08-886F-7B40FE1C772F}.Debug|x86.ActiveCfg = Debug|x86
		{4AF25010-F781-4A08-886F-7B40FE1C772F}.Debug|x86.Build.0 = Debug|x86
		{4AF25010-F781-4A08-886F-7B40FE1C772F}.Release|Any CPU.ActiveCfg = Release|Any CPU
		{4AF25010-F781-4A08-886F-7B40FE1C772F}.Release|Any CPU.Build.0 = Release|Any CPU
		{4AF25010-F781-4A08-886F-7B40FE1C772F}.Release|x86.ActiveCfg = Release|x86
		{4AF25010-F781-4A08-886F-7B40FE1C772F}.Release|x86.Build.0 = Release|x86
	EndGlobalSection
	GlobalSection(SolutionProperties) = preSolution
		HideSolutionNode = FALSE
	EndGlobalSection
EndGlobal
